
Microsoft Visual Studio Solution File, Format Version 12.00
# Visual Studio Version 17
VisualStudioVersion = 17.6.33723.286
MinimumVisualStudioVersion = 10.0.40219.1
Project("{FAE04EC0-301F-11D3-BF4B-00C04F79EFBC}") = "WebAPI", "Source\WebAPI\WebAPI.csproj", "{FD7ABF07-321B-4235-A075-3951C1428F6E}"
EndProject
Project("{FAE04EC0-301F-11D3-BF4B-00C04F79EFBC}") = "WebAPI.Tests", "Tests\WebAPI.Tests\WebAPI.Tests.csproj", "{33A715C1-223A-4DF0-BFE5-C962D12452AA}"
EndProject
Project("{FAE04EC0-301F-11D3-BF4B-00C04F79EFBC}") = "Domain", "Source\Domain\Domain.csproj", "{CAD40637-84E9-4BC3-98CE-E91990BA495C}"
EndProject
Project("{2150E333-8FDC-42A3-9474-1A3956D46DE8}") = "Source", "Source", "{AEEC1D6D-3315-4BAB-8709-DE13CB7C89E1}"
EndProject
Project("{2150E333-8FDC-42A3-9474-1A3956D46DE8}") = "Tests", "Tests", "{D2DE4310-512B-4F44-B879-AD0F919F63AC}"
EndProject
Project("{FAE04EC0-301F-11D3-BF4B-00C04F79EFBC}") = "Domain.Tests", "Tests\Domain.Tests\Domain.Tests.csproj", "{4DFD1C3A-1C1E-4A08-9EED-A670FA9682D1}"
EndProject
Project("{FAE04EC0-301F-11D3-BF4B-00C04F79EFBC}") = "TestHelper", "Tests\TestHelper\TestHelper.csproj", "{077EAA39-7EF4-48E7-900D-45BCBB6397A1}"
EndProject
Global
	GlobalSection(SolutionProperties) = preSolution
		HideSolutionNode = FALSE
	EndGlobalSection
	GlobalSection(ExtensibilityGlobals) = postSolution
		SolutionGuid = {D66D55AC-F86A-4C3C-B5E3-EBFE13EF578D}
	EndGlobalSection
	GlobalSection(ProjectConfigurationPlatforms) = postSolution
		{FD7ABF07-321B-4235-A075-3951C1428F6E}.Any CPU|Any CPU.ActiveCfg = Any CPU|Any CPU
		{FD7ABF07-321B-4235-A075-3951C1428F6E}.Any CPU|Any CPU.Build.0 = Any CPU|Any CPU
		{FD7ABF07-321B-4235-A075-3951C1428F6E}.Any CPU|Any CPU.Deploy.0 = Any CPU|Any CPU
		{33A715C1-223A-4DF0-BFE5-C962D12452AA}.Any CPU|Any CPU.ActiveCfg = Debug|Any CPU
		{33A715C1-223A-4DF0-BFE5-C962D12452AA}.Any CPU|Any CPU.Build.0 = Debug|Any CPU
		{CAD40637-84E9-4BC3-98CE-E91990BA495C}.Any CPU|Any CPU.ActiveCfg = Debug|Any CPU
		{CAD40637-84E9-4BC3-98CE-E91990BA495C}.Any CPU|Any CPU.Build.0 = Debug|Any CPU
		{4DFD1C3A-1C1E-4A08-9EED-A670FA9682D1}.Any CPU|Any CPU.ActiveCfg = Debug|Any CPU
		{4DFD1C3A-1C1E-4A08-9EED-A670FA9682D1}.Any CPU|Any CPU.Build.0 = Debug|Any CPU
		{077EAA39-7EF4-48E7-900D-45BCBB6397A1}.Any CPU|Any CPU.ActiveCfg = Debug|Any CPU
		{077EAA39-7EF4-48E7-900D-45BCBB6397A1}.Any CPU|Any CPU.Build.0 = Debug|Any CPU
	EndGlobalSection
	GlobalSection(SolutionConfigurationPlatforms) = preSolution
		Any CPU|Any CPU = Any CPU|Any CPU
	EndGlobalSection
	GlobalSection(NestedProjects) = preSolution
		{CAD40637-84E9-4BC3-98CE-E91990BA495C} = {AEEC1D6D-3315-4BAB-8709-DE13CB7C89E1}
		{FD7ABF07-321B-4235-A075-3951C1428F6E} = {AEEC1D6D-3315-4BAB-8709-DE13CB7C89E1}
		{33A715C1-223A-4DF0-BFE5-C962D12452AA} = {D2DE4310-512B-4F44-B879-AD0F919F63AC}
		{4DFD1C3A-1C1E-4A08-9EED-A670FA9682D1} = {D2DE4310-512B-4F44-B879-AD0F919F63AC}
		{077EAA39-7EF4-48E7-900D-45BCBB6397A1} = {D2DE4310-512B-4F44-B879-AD0F919F63AC}
	EndGlobalSection
EndGlobal
