
Microsoft Visual Studio Solution File, Format Version 12.00
# Visual Studio Version 17
VisualStudioVersion = 17.6.33723.286
MinimumVisualStudioVersion = 10.0.40219.1
Project("{FAE04EC0-301F-11D3-BF4B-00C04F79EFBC}") = "WebAPI", "Source\WebAPI\WebAPI.csproj", "{FD7ABF07-321B-4235-A075-3951C1428F6E}"
EndProject
Project("{FAE04EC0-301F-11D3-BF4B-00C04F79EFBC}") = "WebAPI.Tests", "Tests\WebAPI.Tests\WebAPI.Tests.csproj", "{33A715C1-223A-4DF0-BFE5-C962D12452AA}"
EndProject
Project("{FAE04EC0-301F-11D3-BF4B-00C04F79EFBC}") = "Domain", "Source\Domain\Domain.csproj", "{CAD40637-84E9-4BC3-98CE-E91990BA495C}"
EndProject
Project("{2150E333-8FDC-42A3-9474-1A3956D46DE8}") = "Source", "Source", "{AEEC1D6D-3315-4BAB-8709-DE13CB7C89E1}"
EndProject
Project("{2150E333-8FDC-42A3-9474-1A3956D46DE8}") = "Tests", "Tests", "{D2DE4310-512B-4F44-B879-AD0F919F63AC}"
EndProject
Project("{FAE04EC0-301F-11D3-BF4B-00C04F79EFBC}") = "Domain.Tests", "Tests\Domain.Tests\Domain.Tests.csproj", "{4DFD1C3A-1C1E-4A08-9EED-A670FA9682D1}"
EndProject
Project("{FAE04EC0-301F-11D3-BF4B-00C04F79EFBC}") = "TestHelper", "Tests\TestHelper\TestHelper.csproj", "{077EAA39-7EF4-48E7-900D-45BCBB6397A1}"
EndProject
Project("{FAE04EC0-301F-11D3-BF4B-00C04F79EFBC}") = "Organization", "Source\Organization\Organization.csproj", "{EB281904-412B-4F36-95FD-1FEC2DFCFC00}"
EndProject
Project("{FAE04EC0-301F-11D3-BF4B-00C04F79EFBC}") = "Core", "Source\Core\Core.csproj", "{AEC2C7F6-4A3F-49E4-8194-9FF08AF48CAA}"
EndProject
Project("{FAE04EC0-301F-11D3-BF4B-00C04F79EFBC}") = "Shared", "Source\Shared\Shared.csproj", "{5975F094-FF12-4291-BE7D-B875102C5584}"
EndProject
Project("{FAE04EC0-301F-11D3-BF4B-00C04F79EFBC}") = "Shared.Tests", "Tests\Shared.Tests\Shared.Tests.csproj", "{665CCF7B-6423-4DA0-86A2-C6CF72421562}"
EndProject
Project("{FAE04EC0-301F-11D3-BF4B-00C04F79EFBC}") = "Organization.Tests", "Tests\Organization.Tests\Organization.Tests.csproj", "{F1061E08-EB0D-41C0-A9BE-4D49FEE37301}"
EndProject
Project("{FAE04EC0-301F-11D3-BF4B-00C04F79EFBC}") = "Core.Tests", "Tests\Core.Tests\Core.Tests.csproj", "{4632B193-1854-451B-A0D0-0C7244D71FF4}"
EndProject
Project("{FAE04EC0-301F-11D3-BF4B-00C04F79EFBC}") = "Settings", "Source\Settings\Settings.csproj", "{629516D9-B32E-4FCD-B514-4505AE3E4BD6}"
EndProject
Project("{FAE04EC0-301F-11D3-BF4B-00C04F79EFBC}") = "Settings.Tests", "Tests\Settings.Tests\Settings.Tests.csproj", "{FB8EE08E-ECAB-4BC5-9E99-C5CA09C3157B}"
EndProject
Global
	GlobalSection(SolutionProperties) = preSolution
		HideSolutionNode = FALSE
	EndGlobalSection
	GlobalSection(ExtensibilityGlobals) = postSolution
		SolutionGuid = {D66D55AC-F86A-4C3C-B5E3-EBFE13EF578D}
	EndGlobalSection
	GlobalSection(ProjectConfigurationPlatforms) = postSolution
		{FD7ABF07-321B-4235-A075-3951C1428F6E}.Any CPU|Any CPU.ActiveCfg = Any CPU|Any CPU
		{FD7ABF07-321B-4235-A075-3951C1428F6E}.Any CPU|Any CPU.Build.0 = Any CPU|Any CPU
		{FD7ABF07-321B-4235-A075-3951C1428F6E}.Any CPU|Any CPU.Deploy.0 = Any CPU|Any CPU
		{33A715C1-223A-4DF0-BFE5-C962D12452AA}.Any CPU|Any CPU.ActiveCfg = Debug|Any CPU
		{33A715C1-223A-4DF0-BFE5-C962D12452AA}.Any CPU|Any CPU.Build.0 = Debug|Any CPU
		{CAD40637-84E9-4BC3-98CE-E91990BA495C}.Any CPU|Any CPU.ActiveCfg = Debug|Any CPU
		{CAD40637-84E9-4BC3-98CE-E91990BA495C}.Any CPU|Any CPU.Build.0 = Debug|Any CPU
		{4DFD1C3A-1C1E-4A08-9EED-A670FA9682D1}.Any CPU|Any CPU.ActiveCfg = Debug|Any CPU
		{4DFD1C3A-1C1E-4A08-9EED-A670FA9682D1}.Any CPU|Any CPU.Build.0 = Debug|Any CPU
		{077EAA39-7EF4-48E7-900D-45BCBB6397A1}.Any CPU|Any CPU.ActiveCfg = Debug|Any CPU
		{077EAA39-7EF4-48E7-900D-45BCBB6397A1}.Any CPU|Any CPU.Build.0 = Debug|Any CPU
		{EB281904-412B-4F36-95FD-1FEC2DFCFC00}.Any CPU|Any CPU.ActiveCfg = Debug|Any CPU
		{EB281904-412B-4F36-95FD-1FEC2DFCFC00}.Any CPU|Any CPU.Build.0 = Debug|Any CPU
		{AEC2C7F6-4A3F-49E4-8194-9FF08AF48CAA}.Any CPU|Any CPU.ActiveCfg = Debug|Any CPU
		{AEC2C7F6-4A3F-49E4-8194-9FF08AF48CAA}.Any CPU|Any CPU.Build.0 = Debug|Any CPU
		{5975F094-FF12-4291-BE7D-B875102C5584}.Any CPU|Any CPU.ActiveCfg = Debug|Any CPU
		{5975F094-FF12-4291-BE7D-B875102C5584}.Any CPU|Any CPU.Build.0 = Debug|Any CPU
		{665CCF7B-6423-4DA0-86A2-C6CF72421562}.Any CPU|Any CPU.ActiveCfg = Debug|Any CPU
		{665CCF7B-6423-4DA0-86A2-C6CF72421562}.Any CPU|Any CPU.Build.0 = Debug|Any CPU
		{F1061E08-EB0D-41C0-A9BE-4D49FEE37301}.Any CPU|Any CPU.ActiveCfg = Debug|Any CPU
		{F1061E08-EB0D-41C0-A9BE-4D49FEE37301}.Any CPU|Any CPU.Build.0 = Debug|Any CPU
		{4632B193-1854-451B-A0D0-0C7244D71FF4}.Any CPU|Any CPU.ActiveCfg = Debug|Any CPU
		{4632B193-1854-451B-A0D0-0C7244D71FF4}.Any CPU|Any CPU.Build.0 = Debug|Any CPU
		{629516D9-B32E-4FCD-B514-4505AE3E4BD6}.Any CPU|Any CPU.ActiveCfg = Debug|Any CPU
		{629516D9-B32E-4FCD-B514-4505AE3E4BD6}.Any CPU|Any CPU.Build.0 = Debug|Any CPU
		{FB8EE08E-ECAB-4BC5-9E99-C5CA09C3157B}.Any CPU|Any CPU.ActiveCfg = Debug|Any CPU
		{FB8EE08E-ECAB-4BC5-9E99-C5CA09C3157B}.Any CPU|Any CPU.Build.0 = Debug|Any CPU
	EndGlobalSection
	GlobalSection(SolutionConfigurationPlatforms) = preSolution
		Any CPU|Any CPU = Any CPU|Any CPU
	EndGlobalSection
	GlobalSection(NestedProjects) = preSolution
		{CAD40637-84E9-4BC3-98CE-E91990BA495C} = {AEEC1D6D-3315-4BAB-8709-DE13CB7C89E1}
		{FD7ABF07-321B-4235-A075-3951C1428F6E} = {AEEC1D6D-3315-4BAB-8709-DE13CB7C89E1}
		{33A715C1-223A-4DF0-BFE5-C962D12452AA} = {D2DE4310-512B-4F44-B879-AD0F919F63AC}
		{4DFD1C3A-1C1E-4A08-9EED-A670FA9682D1} = {D2DE4310-512B-4F44-B879-AD0F919F63AC}
		{077EAA39-7EF4-48E7-900D-45BCBB6397A1} = {D2DE4310-512B-4F44-B879-AD0F919F63AC}
		{EB281904-412B-4F36-95FD-1FEC2DFCFC00} = {AEEC1D6D-3315-4BAB-8709-DE13CB7C89E1}
		{AEC2C7F6-4A3F-49E4-8194-9FF08AF48CAA} = {AEEC1D6D-3315-4BAB-8709-DE13CB7C89E1}
		{5975F094-FF12-4291-BE7D-B875102C5584} = {AEEC1D6D-3315-4BAB-8709-DE13CB7C89E1}
		{665CCF7B-6423-4DA0-86A2-C6CF72421562} = {D2DE4310-512B-4F44-B879-AD0F919F63AC}
		{F1061E08-EB0D-41C0-A9BE-4D49FEE37301} = {D2DE4310-512B-4F44-B879-AD0F919F63AC}
		{4632B193-1854-451B-A0D0-0C7244D71FF4} = {D2DE4310-512B-4F44-B879-AD0F919F63AC}
		{629516D9-B32E-4FCD-B514-4505AE3E4BD6} = {AEEC1D6D-3315-4BAB-8709-DE13CB7C89E1}
		{FB8EE08E-ECAB-4BC5-9E99-C5CA09C3157B} = {D2DE4310-512B-4F44-B879-AD0F919F63AC}
	EndGlobalSection
EndGlobal
